<?xml version="1.0" encoding="utf-8"?>
<Project ToolsVersion="4.0" xmlns="http://schemas.microsoft.com/developer/msbuild/2003">
  <ItemGroup>
    <Filter Include="Source Files">
      <UniqueIdentifier>{4FC737F1-C7A5-4376-A066-2A32D752A2FF}</UniqueIdentifier>
      <Extensions>cpp;c;cc;cxx;c++;cppm;ixx;def;odl;idl;hpj;bat;asm;asmx</Extensions>
    </Filter>
    <Filter Include="Header Files">
      <UniqueIdentifier>{93995380-89BD-4b04-88EB-625FBE52EBFB}</UniqueIdentifier>
      <Extensions>h;hh;hpp;hxx;h++;hm;inl;inc;ipp;xsd</Extensions>
    </Filter>
  </ItemGroup>
  <ItemGroup>
    <ClInclude Include="include\audio.hpp">
      <Filter>Header Files</Filter>
    </ClInclude>
    <ClInclude Include="include\blendmode.hpp">
      <Filter>Header Files</Filter>
    </ClInclude>
    <ClInclude Include="include\error.hpp">
      <Filter>Header Files</Filter>
    </ClInclude>
    <ClInclude Include="include\events.hpp">
      <Filter>Header Files</Filter>
    </ClInclude>
    <ClInclude Include="include\SDL_image.hpp">
      <Filter>Header Files</Filter>
    </ClInclude>
    <ClInclude Include="include\pixels.hpp">
      <Filter>Header Files</Filter>
    </ClInclude>
    <ClInclude Include="include\ray.hpp">
      <Filter>Header Files</Filter>
    </ClInclude>
    <ClInclude Include="include\rect.hpp">
      <Filter>Header Files</Filter>
    </ClInclude>
    <ClInclude Include="include\render.hpp">
      <Filter>Header Files</Filter>
    </ClInclude>
    <ClInclude Include="include\SDL.hpp">
      <Filter>Header Files</Filter>
    </ClInclude>
    <ClInclude Include="include\surface.hpp">
      <Filter>Header Files</Filter>
    </ClInclude>
    <ClInclude Include="include\timer.hpp">
      <Filter>Header Files</Filter>
    </ClInclude>
    <ClInclude Include="include\video.hpp">
      <Filter>Header Files</Filter>
    </ClInclude>
    <ClInclude Include="include\observer.hpp">
      <Filter>Header Files</Filter>
    </ClInclude>
    <ClInclude Include="include\mouse.hpp">
      <Filter>Header Files</Filter>
    </ClInclude>
    <ClInclude Include="include\scancode.hpp">
      <Filter>Header Files</Filter>
    </ClInclude>
    <ClInclude Include="include\SDL_ttf.hpp">
      <Filter>Header Files</Filter>
    </ClInclude>
    <ClInclude Include="include\version.hpp">
      <Filter>Header Files</Filter>
    </ClInclude>
    <ClInclude Include="include\input.hpp">
      <Filter>Header Files</Filter>
    </ClInclude>
    <ClInclude Include="include\shape.hpp">
      <Filter>Header Files</Filter>
    </ClInclude>
    <ClInclude Include="include\clipboard.hpp">
      <Filter>Header Files</Filter>
    </ClInclude>
    <ClInclude Include="include\hints.hpp">
      <Filter>Header Files</Filter>
    </ClInclude>
    <ClInclude Include="include\hidapi.hpp">
      <Filter>Header Files</Filter>
    </ClInclude>
    <ClInclude Include="include\SDL_mixer.hpp">
      <Filter>Header Files</Filter>
    </ClInclude>
    <ClInclude Include="include\container.hpp">
      <Filter>Header Files</Filter>
    </ClInclude>
    <ClInclude Include="include\rwops.hpp">
      <Filter>Header Files</Filter>
    </ClInclude>
    <ClInclude Include="include\gamecontroller.hpp">
      <Filter>Header Files</Filter>
    </ClInclude>
    <ClInclude Include="include\guid.hpp">
      <Filter>Header Files</Filter>
    </ClInclude>
    <ClInclude Include="include\joystick.hpp">
      <Filter>Header Files</Filter>
    </ClInclude>
    <ClInclude Include="include\sensor.hpp">
      <Filter>Header Files</Filter>
    </ClInclude>
    <ClInclude Include="include\filesystem.hpp">
      <Filter>Header Files</Filter>
    </ClInclude>
    <ClInclude Include="include\cpuinfo.hpp">
      <Filter>Header Files</Filter>
    </ClInclude>
    <ClInclude Include="include\atomic.hpp">
      <Filter>Header Files</Filter>
    </ClInclude>
    <ClInclude Include="include\mutex.hpp">
      <Filter>Header Files</Filter>
    </ClInclude>
  </ItemGroup>
  <ItemGroup>
    <ClCompile Include="src\rect.cpp">
      <Filter>Source Files</Filter>
    </ClCompile>
    <ClCompile Include="src\audio.cpp">
      <Filter>Source Files</Filter>
    </ClCompile>
    <ClCompile Include="src\mouse.cpp">
      <Filter>Source Files</Filter>
    </ClCompile>
    <ClCompile Include="src\input.cpp">
      <Filter>Source Files</Filter>
    </ClCompile>
  </ItemGroup>
</Project>