<?xml version="1.0" encoding="utf-8"?>
<Project ToolsVersion="4.0" xmlns="http://schemas.microsoft.com/developer/msbuild/2003">
  <ItemGroup>
    <Filter Include="Source Files">
      <UniqueIdentifier>{4FC737F1-C7A5-4376-A066-2A32D752A2FF}</UniqueIdentifier>
      <Extensions>cpp;c;cc;cxx;c++;cppm;ixx;def;odl;idl;hpj;bat;asm;asmx</Extensions>
    </Filter>
    <Filter Include="Header Files">
      <UniqueIdentifier>{93995380-89BD-4b04-88EB-625FBE52EBFB}</UniqueIdentifier>
      <Extensions>h;hh;hpp;hxx;h++;hm;inl;inc;ipp;xsd</Extensions>
    </Filter>
    <Filter Include="SDL++">
      <UniqueIdentifier>{c789801a-7737-462d-81c4-3da97f70852d}</UniqueIdentifier>
    </Filter>
    <Filter Include="SDL++\Header Files">
      <UniqueIdentifier>{28c79b0c-f0dc-4953-b16e-628c62c55e8b}</UniqueIdentifier>
    </Filter>
    <Filter Include="SDL++\Source Files">
      <UniqueIdentifier>{697c4d2c-97df-4aa0-bb51-c37468bae152}</UniqueIdentifier>
    </Filter>
  </ItemGroup>
  <ItemGroup>
    <ClCompile Include="Source.cpp">
      <Filter>Source Files</Filter>
    </ClCompile>
    <ClCompile Include="SDL++\ray.cpp">
      <Filter>SDL++\Source Files</Filter>
    </ClCompile>
    <ClCompile Include="SDL++\rect.cpp">
      <Filter>SDL++\Source Files</Filter>
    </ClCompile>
    <ClCompile Include="SDL++\render.cpp">
      <Filter>SDL++\Source Files</Filter>
    </ClCompile>
  </ItemGroup>
  <ItemGroup>
    <ClInclude Include="SDL++\video.hpp">
      <Filter>SDL++\Header Files</Filter>
    </ClInclude>
    <ClInclude Include="SDL++\audio.hpp">
      <Filter>SDL++\Header Files</Filter>
    </ClInclude>
    <ClInclude Include="SDL++\blendmode.hpp">
      <Filter>SDL++\Header Files</Filter>
    </ClInclude>
    <ClInclude Include="SDL++\error.hpp">
      <Filter>SDL++\Header Files</Filter>
    </ClInclude>
    <ClInclude Include="SDL++\events.hpp">
      <Filter>SDL++\Header Files</Filter>
    </ClInclude>
    <ClInclude Include="SDL++\pixels.hpp">
      <Filter>SDL++\Header Files</Filter>
    </ClInclude>
    <ClInclude Include="SDL++\ray.hpp">
      <Filter>SDL++\Header Files</Filter>
    </ClInclude>
    <ClInclude Include="SDL++\rect.hpp">
      <Filter>SDL++\Header Files</Filter>
    </ClInclude>
    <ClInclude Include="SDL++\render.hpp">
      <Filter>SDL++\Header Files</Filter>
    </ClInclude>
    <ClInclude Include="SDL++\SDL.hpp">
      <Filter>SDL++\Header Files</Filter>
    </ClInclude>
    <ClInclude Include="SDL++\surface.hpp">
      <Filter>SDL++\Header Files</Filter>
    </ClInclude>
    <ClInclude Include="SDL++\timer.hpp">
      <Filter>SDL++\Header Files</Filter>
    </ClInclude>
    <ClInclude Include="SDL++\image.hpp">
      <Filter>SDL++\Header Files</Filter>
    </ClInclude>
  </ItemGroup>
</Project>